
Microsoft Visual Studio Solution File, Format Version 12.00
# Visual Studio Version 17
VisualStudioVersion = 17.5.002.0
MinimumVisualStudioVersion = 10.0.40219.1
Project("{9A19103F-16F7-4668-BE54-9A1E7A4F7556}") = "API", "API\API.csproj", "{CCFEB518-40BC-44E5-8497-C32B431130CC}"
EndProject
Project("{9A19103F-16F7-4668-BE54-9A1E7A4F7556}") = "Application", "Application\Application.csproj", "{89D7E40A-25ED-42FE-A9D0-3A6D3EC03925}"
EndProject
Project("{9A19103F-16F7-4668-BE54-9A1E7A4F7556}") = "Domain", "Domain\Domain.csproj", "{FF261158-5B62-4B28-83D6-467F8E7CB6CC}"
EndProject
Project("{9A19103F-16F7-4668-BE54-9A1E7A4F7556}") = "Infrastructure", "Infrastructure\Infrastructure.csproj", "{687F424D-65E1-4877-878F-CF4917C9251C}"
EndProject
Project("{9A19103F-16F7-4668-BE54-9A1E7A4F7556}") = "Persistence", "Persistence\Persistence.csproj", "{FF46D611-F3D8-4951-9FB7-DD32B6766636}"
EndProject
Global
	GlobalSection(SolutionConfigurationPlatforms) = preSolution
		Debug|Any CPU = Debug|Any CPU
		Release|Any CPU = Release|Any CPU
	EndGlobalSection
	GlobalSection(ProjectConfigurationPlatforms) = postSolution
		{CCFEB518-40BC-44E5-8497-C32B431130CC}.Debug|Any CPU.ActiveCfg = Debug|Any CPU
		{CCFEB518-40BC-44E5-8497-C32B431130CC}.Debug|Any CPU.Build.0 = Debug|Any CPU
		{CCFEB518-40BC-44E5-8497-C32B431130CC}.Release|Any CPU.ActiveCfg = Release|Any CPU
		{CCFEB518-40BC-44E5-8497-C32B431130CC}.Release|Any CPU.Build.0 = Release|Any CPU
		{89D7E40A-25ED-42FE-A9D0-3A6D3EC03925}.Debug|Any CPU.ActiveCfg = Debug|Any CPU
		{89D7E40A-25ED-42FE-A9D0-3A6D3EC03925}.Debug|Any CPU.Build.0 = Debug|Any CPU
		{89D7E40A-25ED-42FE-A9D0-3A6D3EC03925}.Release|Any CPU.ActiveCfg = Release|Any CPU
		{89D7E40A-25ED-42FE-A9D0-3A6D3EC03925}.Release|Any CPU.Build.0 = Release|Any CPU
		{FF261158-5B62-4B28-83D6-467F8E7CB6CC}.Debug|Any CPU.ActiveCfg = Debug|Any CPU
		{FF261158-5B62-4B28-83D6-467F8E7CB6CC}.Debug|Any CPU.Build.0 = Debug|Any CPU
		{FF261158-5B62-4B28-83D6-467F8E7CB6CC}.Release|Any CPU.ActiveCfg = Release|Any CPU
		{FF261158-5B62-4B28-83D6-467F8E7CB6CC}.Release|Any CPU.Build.0 = Release|Any CPU
		{687F424D-65E1-4877-878F-CF4917C9251C}.Debug|Any CPU.ActiveCfg = Debug|Any CPU
		{687F424D-65E1-4877-878F-CF4917C9251C}.Debug|Any CPU.Build.0 = Debug|Any CPU
		{687F424D-65E1-4877-878F-CF4917C9251C}.Release|Any CPU.ActiveCfg = Release|Any CPU
		{687F424D-65E1-4877-878F-CF4917C9251C}.Release|Any CPU.Build.0 = Release|Any CPU
		{FF46D611-F3D8-4951-9FB7-DD32B6766636}.Debug|Any CPU.ActiveCfg = Debug|Any CPU
		{FF46D611-F3D8-4951-9FB7-DD32B6766636}.Debug|Any CPU.Build.0 = Debug|Any CPU
		{FF46D611-F3D8-4951-9FB7-DD32B6766636}.Release|Any CPU.ActiveCfg = Release|Any CPU
		{FF46D611-F3D8-4951-9FB7-DD32B6766636}.Release|Any CPU.Build.0 = Release|Any CPU
	EndGlobalSection
	GlobalSection(SolutionProperties) = preSolution
		HideSolutionNode = FALSE
	EndGlobalSection
	GlobalSection(ExtensibilityGlobals) = postSolution
		SolutionGuid = {6EF12E3C-4116-4820-9FE5-853537859231}
	EndGlobalSection
EndGlobal
